
Microsoft Visual Studio Solution File, Format Version 12.00
# Visual Studio Version 17
VisualStudioVersion = 17.0.31903.59
MinimumVisualStudioVersion = 10.0.40219.1
Project("{2150E333-8FDC-42A3-9474-1A3956D46DE8}") = "Prelude", "Prelude", "{2AFE7787-20B3-4970-A9DE-9F711222B5B4}"
EndProject
Project("{6EC3EE1D-3C4E-46DD-8F32-0CC8E7565705}") = "Prelude", "Prelude\Prelude\Prelude.fsproj", "{090EFDFE-5EA1-4D06-B0AA-6E72A979AA18}"
EndProject
Project("{6EC3EE1D-3C4E-46DD-8F32-0CC8E7565705}") = "Interlude", "Interlude\Interlude.fsproj", "{658D835D-F5BF-462E-8080-ACC08B6AE4C0}"
EndProject
Project("{F2A71F9B-5D33-465A-A702-920D77279786}") = "Interlude.Tools", "Interlude.Tools\Interlude.Tools.fsproj", "{935B98D3-E57A-4B32-B802-94715A74FF36}"
EndProject
Global
	GlobalSection(SolutionConfigurationPlatforms) = preSolution
		Debug|Any CPU = Debug|Any CPU
		Release|Any CPU = Release|Any CPU
	EndGlobalSection
	GlobalSection(ProjectConfigurationPlatforms) = postSolution
		{090EFDFE-5EA1-4D06-B0AA-6E72A979AA18}.Debug|Any CPU.ActiveCfg = Debug|Any CPU
		{090EFDFE-5EA1-4D06-B0AA-6E72A979AA18}.Debug|Any CPU.Build.0 = Debug|Any CPU
		{090EFDFE-5EA1-4D06-B0AA-6E72A979AA18}.Release|Any CPU.ActiveCfg = Release|Any CPU
		{090EFDFE-5EA1-4D06-B0AA-6E72A979AA18}.Release|Any CPU.Build.0 = Release|Any CPU
		{658D835D-F5BF-462E-8080-ACC08B6AE4C0}.Debug|Any CPU.ActiveCfg = Debug|Any CPU
		{658D835D-F5BF-462E-8080-ACC08B6AE4C0}.Debug|Any CPU.Build.0 = Debug|Any CPU
		{658D835D-F5BF-462E-8080-ACC08B6AE4C0}.Release|Any CPU.ActiveCfg = Release|Any CPU
		{658D835D-F5BF-462E-8080-ACC08B6AE4C0}.Release|Any CPU.Build.0 = Release|Any CPU
		{935B98D3-E57A-4B32-B802-94715A74FF36}.Debug|Any CPU.ActiveCfg = Debug|Any CPU
		{935B98D3-E57A-4B32-B802-94715A74FF36}.Debug|Any CPU.Build.0 = Debug|Any CPU
		{935B98D3-E57A-4B32-B802-94715A74FF36}.Release|Any CPU.ActiveCfg = Release|Any CPU
		{935B98D3-E57A-4B32-B802-94715A74FF36}.Release|Any CPU.Build.0 = Release|Any CPU
	EndGlobalSection
	GlobalSection(SolutionProperties) = preSolution
		HideSolutionNode = FALSE
	EndGlobalSection
	GlobalSection(NestedProjects) = preSolution
		{090EFDFE-5EA1-4D06-B0AA-6E72A979AA18} = {2AFE7787-20B3-4970-A9DE-9F711222B5B4}
	EndGlobalSection
	GlobalSection(ExtensibilityGlobals) = postSolution
		SolutionGuid = {948C7642-55D6-4B8A-B77C-F16BCEF12798}
	EndGlobalSection
EndGlobal
